// !$*UTF8*$!
{
	archiveVersion = 1;
	classes = {
	};
	objectVersion = 46;
	objects = {

/* Begin PBXBuildFile section */
		4C38D2741E04742D00609C2A /* AppDelegate.swift in Sources */ = {isa = PBXBuildFile; fileRef = 4C38D2731E04742D00609C2A /* AppDelegate.swift */; };
		4C38D2761E04742D00609C2A /* ViewController.swift in Sources */ = {isa = PBXBuildFile; fileRef = 4C38D2751E04742D00609C2A /* ViewController.swift */; };
		4C38D2791E04742D00609C2A /* Main.storyboard in Resources */ = {isa = PBXBuildFile; fileRef = 4C38D2771E04742D00609C2A /* Main.storyboard */; };
		4C38D27B1E04742D00609C2A /* Assets.xcassets in Resources */ = {isa = PBXBuildFile; fileRef = 4C38D27A1E04742D00609C2A /* Assets.xcassets */; };
		4C38D27E1E04742D00609C2A /* LaunchScreen.storyboard in Resources */ = {isa = PBXBuildFile; fileRef = 4C38D27C1E04742D00609C2A /* LaunchScreen.storyboard */; };
/* End PBXBuildFile section */

/* Begin PBXFileReference section */
		4C38D2701E04742D00609C2A /* Friendr.app */ = {isa = PBXFileReference; explicitFileType = wrapper.application; includeInIndex = 0; path = Friendr.app; sourceTree = BUILT_PRODUCTS_DIR; };
		4C38D2731E04742D00609C2A /* AppDelegate.swift */ = {isa = PBXFileReference; lastKnownFileType = sourcecode.swift; path = AppDelegate.swift; sourceTree = "<group>"; };
		4C38D2751E04742D00609C2A /* ViewController.swift */ = {isa = PBXFileReference; lastKnownFileType = sourcecode.swift; path = ViewController.swift; sourceTree = "<group>"; };
		4C38D2781E04742D00609C2A /* Base */ = {isa = PBXFileReference; lastKnownFileType = file.storyboard; name = Base; path = Base.lproj/Main.storyboard; sourceTree = "<group>"; };
		4C38D27A1E04742D00609C2A /* Assets.xcassets */ = {isa = PBXFileReference; lastKnownFileType = folder.assetcatalog; path = Assets.xcassets; sourceTree = "<group>"; };
		4C38D27D1E04742D00609C2A /* Base */ = {isa = PBXFileReference; lastKnownFileType = file.storyboard; name = Base; path = Base.lproj/LaunchScreen.storyboard; sourceTree = "<group>"; };
		4C38D27F1E04742D00609C2A /* Info.plist */ = {isa = PBXFileReference; lastKnownFileType = text.plist.xml; path = Info.plist; sourceTree = "<group>"; };
/* End PBXFileReference section */

/* Begin PBXFrameworksBuildPhase section */
		4C38D26D1E04742D00609C2A /* Frameworks */ = {
			isa = PBXFrameworksBuildPhase;
			buildActionMask = 2147483647;
			files = (
			);
			runOnlyForDeploymentPostprocessing = 0;
		};
/* End PBXFrameworksBuildPhase section */

/* Begin PBXGroup section */
		4C38D2671E04742D00609C2A = {
			isa = PBXGroup;
			children = (
				4C38D2721E04742D00609C2A /* Friendr */,
				4C38D2711E04742D00609C2A /* Products */,
			);
			sourceTree = "<group>";
		};
		4C38D2711E04742D00609C2A /* Products */ = {
			isa = PBXGroup;
			children = (
				4C38D2701E04742D00609C2A /* Friendr.app */,
			);
			name = Products;
			sourceTree = "<group>";
		};
		4C38D2721E04742D00609C2A /* Friendr */ = {
			isa = PBXGroup;
			children = (
				4C38D2731E04742D00609C2A /* AppDelegate.swift */,
				4C38D2751E04742D00609C2A /* ViewController.swift */,
				4C38D2771E04742D00609C2A /* Main.storyboard */,
				4C38D27A1E04742D00609C2A /* Assets.xcassets */,
				4C38D27C1E04742D00609C2A /* LaunchScreen.storyboard */,
				4C38D27F1E04742D00609C2A /* Info.plist */,
			);
			path = Friendr;
			sourceTree = "<group>";
		};
/* End PBXGroup section */

/* Begin PBXNativeTarget section */
		4C38D26F1E04742D00609C2A /* Friendr */ = {
			isa = PBXNativeTarget;
			buildConfigurationList = 4C38D2821E04742D00609C2A /* Build configuration list for PBXNativeTarget "Friendr" */;
			buildPhases = (
				4C38D26C1E04742D00609C2A /* Sources */,
				4C38D26D1E04742D00609C2A /* Frameworks */,
				4C38D26E1E04742D00609C2A /* Resources */,
			);
			buildRules = (
			);
			dependencies = (
			);
			name = Friendr;
			productName = Friendr;
			productReference = 4C38D2701E04742D00609C2A /* Friendr.app */;
			productType = "com.apple.product-type.application";
		};
/* End PBXNativeTarget section */

/* Begin PBXProject section */
		4C38D2681E04742D00609C2A /* Project object */ = {
			isa = PBXProject;
			attributes = {
				LastSwiftUpdateCheck = 0810;
				LastUpgradeCheck = 0810;
				ORGANIZATIONNAME = epita;
				TargetAttributes = {
					4C38D26F1E04742D00609C2A = {
						CreatedOnToolsVersion = 8.1;
						ProvisioningStyle = Automatic;
					};
				};
			};
			buildConfigurationList = 4C38D26B1E04742D00609C2A /* Build configuration list for PBXProject "Friendr" */;
			compatibilityVersion = "Xcode 3.2";
			developmentRegion = English;
			hasScannedForEncodings = 0;
			knownRegions = (
				en,
				Base,
			);
			mainGroup = 4C38D2671E04742D00609C2A;
			productRefGroup = 4C38D2711E04742D00609C2A /* Products */;
			projectDirPath = "";
			projectRoot = "";
			targets = (
				4C38D26F1E04742D00609C2A /* Friendr */,
			);
		};
/* End PBXProject section */

/* Begin PBXResourcesBuildPhase section */
		4C38D26E1E04742D00609C2A /* Resources */ = {
			isa = PBXResourcesBuildPhase;
			buildActionMask = 2147483647;
			files = (
				4C38D27E1E04742D00609C2A /* LaunchScreen.storyboard in Resources */,
				4C38D27B1E04742D00609C2A /* Assets.xcassets in Resources */,
				4C38D2791E04742D00609C2A /* Main.storyboard in Resources */,
			);
			runOnlyForDeploymentPostprocessing = 0;
		};
/* End PBXResourcesBuildPhase section */

/* Begin PBXSourcesBuildPhase section */
		4C38D26C1E04742D00609C2A /* Sources */ = {
			isa = PBXSourcesBuildPhase;
			buildActionMask = 2147483647;
			files = (
				4C38D2761E04742D00609C2A /* ViewController.swift in Sources */,
				4C38D2741E04742D00609C2A /* AppDelegate.swift in Sources */,
			);
			runOnlyForDeploymentPostprocessing = 0;
		};
/* End PBXSourcesBuildPhase section */

/* Begin PBXVariantGroup section */
		4C38D2771E04742D00609C2A /* Main.storyboard */ = {
			isa = PBXVariantGroup;
			children = (
				4C38D2781E04742D00609C2A /* Base */,
			);
			name = Main.storyboard;
			sourceTree = "<group>";
		};
		4C38D27C1E04742D00609C2A /* LaunchScreen.storyboard */ = {
			isa = PBXVariantGroup;
			children = (
				4C38D27D1E04742D00609C2A /* Base */,
			);
			name = LaunchScreen.storyboard;
			sourceTree = "<group>";
		};
/* End PBXVariantGroup section */

/* Begin XCBuildConfiguration section */
		4C38D2801E04742D00609C2A /* Debug */ = {
			isa = XCBuildConfiguration;
			buildSettings = {
				ALWAYS_SEARCH_USER_PATHS = NO;
				CLANG_ANALYZER_NONNULL = YES;
				CLANG_CXX_LANGUAGE_STANDARD = "gnu++0x";
				CLANG_CXX_LIBRARY = "libc++";
				CLANG_ENABLE_MODULES = YES;
				CLANG_ENABLE_OBJC_ARC = YES;
				CLANG_WARN_BOOL_CONVERSION = YES;
				CLANG_WARN_CONSTANT_CONVERSION = YES;
				CLANG_WARN_DIRECT_OBJC_ISA_USAGE = YES_ERROR;
				CLANG_WARN_DOCUMENTATION_COMMENTS = YES;
				CLANG_WARN_EMPTY_BODY = YES;
				CLANG_WARN_ENUM_CONVERSION = YES;
				CLANG_WARN_INFINITE_RECURSION = YES;
				CLANG_WARN_INT_CONVERSION = YES;
				CLANG_WARN_OBJC_ROOT_CLASS = YES_ERROR;
				CLANG_WARN_SUSPICIOUS_MOVES = YES;
				CLANG_WARN_UNREACHABLE_CODE = YES;
				CLANG_WARN__DUPLICATE_METHOD_MATCH = YES;
				"CODE_SIGN_IDENTITY[sdk=iphoneos*]" = "iPhone Developer";
				COPY_PHASE_STRIP = NO;
				DEBUG_INFORMATION_FORMAT = dwarf;
				ENABLE_STRICT_OBJC_MSGSEND = YES;
				ENABLE_TESTABILITY = YES;
				GCC_C_LANGUAGE_STANDARD = gnu99;
				GCC_DYNAMIC_NO_PIC = NO;
				GCC_NO_COMMON_BLOCKS = YES;
				GCC_OPTIMIZATION_LEVEL = 0;
				GCC_PREPROCESSOR_DEFINITIONS = (
					"DEBUG=1",
					"$(inherited)",
				);
				GCC_WARN_64_TO_32_BIT_CONVERSION = YES;
				GCC_WARN_ABOUT_RETURN_TYPE = YES_ERROR;
				GCC_WARN_UNDECLARED_SELECTOR = YES;
				GCC_WARN_UNINITIALIZED_AUTOS = YES_AGGRESSIVE;
				GCC_WARN_UNUSED_FUNCTION = YES;
				GCC_WARN_UNUSED_VARIABLE = YES;
				IPHONEOS_DEPLOYMENT_TARGET = 10.1;
				MTL_ENABLE_DEBUG_INFO = YES;
				ONLY_ACTIVE_ARCH = YES;
				SDKROOT = iphoneos;
				SWIFT_ACTIVE_COMPILATION_CONDITIONS = DEBUG;
				SWIFT_OPTIMIZATION_LEVEL = "-Onone";
				TARGETED_DEVICE_FAMILY = "1,2";
			};
			name = Debug;
		};
		4C38D2811E04742D00609C2A /* Release */ = {
			isa = XCBuildConfiguration;
			buildSettings = {
				ALWAYS_SEARCH_USER_PATHS = NO;
				CLANG_ANALYZER_NONNULL = YES;
				CLANG_CXX_LANGUAGE_STANDARD = "gnu++0x";
				CLANG_CXX_LIBRARY = "libc++";
				CLANG_ENABLE_MODULES = YES;
				CLANG_ENABLE_OBJC_ARC = YES;
				CLANG_WARN_BOOL_CONVERSION = YES;
				CLANG_WARN_CONSTANT_CONVERSION = YES;
				CLANG_WARN_DIRECT_OBJC_ISA_USAGE = YES_ERROR;
				CLANG_WARN_DOCUMENTATION_COMMENTS = YES;
				CLANG_WARN_EMPTY_BODY = YES;
				CLANG_WARN_ENUM_CONVERSION = YES;
				CLANG_WARN_INFINITE_RECURSION = YES;
				CLANG_WARN_INT_CONVERSION = YES;
				CLANG_WARN_OBJC_ROOT_CLASS = YES_ERROR;
				CLANG_WARN_SUSPICIOUS_MOVES = YES;
				CLANG_WARN_UNREACHABLE_CODE = YES;
				CLANG_WARN__DUPLICATE_METHOD_MATCH = YES;
				"CODE_SIGN_IDENTITY[sdk=iphoneos*]" = "iPhone Developer";
				COPY_PHASE_STRIP = NO;
				DEBUG_INFORMATION_FORMAT = "dwarf-with-dsym";
				ENABLE_NS_ASSERTIONS = NO;
				ENABLE_STRICT_OBJC_MSGSEND = YES;
				GCC_C_LANGUAGE_STANDARD = gnu99;
				GCC_NO_COMMON_BLOCKS = YES;
				GCC_WARN_64_TO_32_BIT_CONVERSION = YES;
				GCC_WARN_ABOUT_RETURN_TYPE = YES_ERROR;
				GCC_WARN_UNDECLARED_SELECTOR = YES;
				GCC_WARN_UNINITIALIZED_AUTOS = YES_AGGRESSIVE;
				GCC_WARN_UNUSED_FUNCTION = YES;
				GCC_WARN_UNUSED_VARIABLE = YES;
				IPHONEOS_DEPLOYMENT_TARGET = 10.1;
				MTL_ENABLE_DEBUG_INFO = NO;
				SDKROOT = iphoneos;
				SWIFT_OPTIMIZATION_LEVEL = "-Owholemodule";
				TARGETED_DEVICE_FAMILY = "1,2";
				VALIDATE_PRODUCT = YES;
			};
			name = Release;
		};
		4C38D2831E04742D00609C2A /* Debug */ = {
			isa = XCBuildConfiguration;
			buildSettings = {
				ASSETCATALOG_COMPILER_APPICON_NAME = AppIcon;
				INFOPLIST_FILE = Friendr/Info.plist;
				LD_RUNPATH_SEARCH_PATHS = "$(inherited) @executable_path/Frameworks";
				PRODUCT_BUNDLE_IDENTIFIER = mti.Friendr;
				PRODUCT_NAME = "$(TARGET_NAME)";
				SWIFT_VERSION = 3.0;
			};
			name = Debug;
		};
		4C38D2841E04742D00609C2A /* Release */ = {
			isa = XCBuildConfiguration;
			buildSettings = {
				ASSETCATALOG_COMPILER_APPICON_NAME = AppIcon;
				INFOPLIST_FILE = Friendr/Info.plist;
				LD_RUNPATH_SEARCH_PATHS = "$(inherited) @executable_path/Frameworks";
				PRODUCT_BUNDLE_IDENTIFIER = mti.Friendr;
				PRODUCT_NAME = "$(TARGET_NAME)";
				SWIFT_VERSION = 3.0;
			};
			name = Release;
		};
/* End XCBuildConfiguration section */

/* Begin XCConfigurationList section */
		4C38D26B1E04742D00609C2A /* Build configuration list for PBXProject "Friendr" */ = {
			isa = XCConfigurationList;
			buildConfigurations = (
				4C38D2801E04742D00609C2A /* Debug */,
				4C38D2811E04742D00609C2A /* Release */,
			);
			defaultConfigurationIsVisible = 0;
			defaultConfigurationName = Release;
		};
		4C38D2821E04742D00609C2A /* Build configuration list for PBXNativeTarget "Friendr" */ = {
			isa = XCConfigurationList;
			buildConfigurations = (
				4C38D2831E04742D00609C2A /* Debug */,
				4C38D2841E04742D00609C2A /* Release */,
			);
			defaultConfigurationIsVisible = 0;
		};
/* End XCConfigurationList section */
	};
	rootObject = 4C38D2681E04742D00609C2A /* Project object */;
}
